PODS:
  - Fuzi (2.1.0)
  - GRMustache.swift (2.0.0)

DEPENDENCIES:
  - Fuzi
  - GRMustache.swift (~> 2.0.0)

SPEC REPOS:
  https://github.com/cocoapods/specs.git:
    - Fuzi
    - GRMustache.swift

SPEC CHECKSUMS:
  Fuzi: 8c57344debff6d3a0c76a9e0f549152defdaaa48
  GRMustache.swift: 8a547c12bea16052071b2b540af83d770075f0eb

PODFILE CHECKSUM: 9d3cd7cdab18ec689acb05a5f3fb5d13301648b6

COCOAPODS: 1.5.3
