// !$*UTF8*$!
{
	archiveVersion = 1;
	classes = {
	};
	objectVersion = 46;
	objects = {

/* Begin PBXBuildFile section */
		3FB563915CFFEAD98D4AC409 /* Pods_WWDCCompanion.framework in Frameworks */ = {isa = PBXBuildFile; fileRef = 1051CBDCDB7BBC0BD94DDDC5 /* Pods_WWDCCompanion.framework */; };
		56071A061DB27B1400CA6E47 /* session.html.mustache in Resources */ = {isa = PBXBuildFile; fileRef = 56071A051DB27B1400CA6E47 /* session.html.mustache */; };
		566D9A0D1DB0AE0F009CEA56 /* AppDelegate.swift in Sources */ = {isa = PBXBuildFile; fileRef = 566D9A0C1DB0AE0F009CEA56 /* AppDelegate.swift */; };
		566D9A121DB0AE0F009CEA56 /* Main.storyboard in Resources */ = {isa = PBXBuildFile; fileRef = 566D9A101DB0AE0F009CEA56 /* Main.storyboard */; };
		566D9A141DB0AE0F009CEA56 /* Assets.xcassets in Resources */ = {isa = PBXBuildFile; fileRef = 566D9A131DB0AE0F009CEA56 /* Assets.xcassets */; };
		566D9A171DB0AE0F009CEA56 /* LaunchScreen.storyboard in Resources */ = {isa = PBXBuildFile; fileRef = 566D9A151DB0AE0F009CEA56 /* LaunchScreen.storyboard */; };
		566D9A221DB0AE0F009CEA56 /* WWDCCompanionTests.swift in Sources */ = {isa = PBXBuildFile; fileRef = 566D9A211DB0AE0F009CEA56 /* WWDCCompanionTests.swift */; };
		566D9A2D1DB0AE0F009CEA56 /* WWDCCompanionUITests.swift in Sources */ = {isa = PBXBuildFile; fileRef = 566D9A2C1DB0AE0F009CEA56 /* WWDCCompanionUITests.swift */; };
		566D9A8F1DB0B304009CEA56 /* GRDBCustomSQLite.framework in Frameworks */ = {isa = PBXBuildFile; fileRef = 566D9A701DB0B274009CEA56 /* GRDBCustomSQLite.framework */; };
		566D9A901DB0B304009CEA56 /* GRDBCustomSQLite.framework in Embed Frameworks */ = {isa = PBXBuildFile; fileRef = 566D9A701DB0B274009CEA56 /* GRDBCustomSQLite.framework */; settings = {ATTRIBUTES = (CodeSignOnCopy, RemoveHeadersOnCopy, ); }; };
		566D9AAC1DB0F1EB009CEA56 /* WWDC2016.swift in Sources */ = {isa = PBXBuildFile; fileRef = 566D9AAB1DB0F1EB009CEA56 /* WWDC2016.swift */; };
		566D9B2B1DB1EBD4009CEA56 /* Database.swift in Sources */ = {isa = PBXBuildFile; fileRef = 566D9B291DB1EBD4009CEA56 /* Database.swift */; };
		566D9B2C1DB1EBD4009CEA56 /* Session.swift in Sources */ = {isa = PBXBuildFile; fileRef = 566D9B2A1DB1EBD4009CEA56 /* Session.swift */; };
		566D9B2E1DB1EBFD009CEA56 /* SessionsTableViewController.swift in Sources */ = {isa = PBXBuildFile; fileRef = 566D9B2D1DB1EBFD009CEA56 /* SessionsTableViewController.swift */; };
		566D9B331DB1EF1C009CEA56 /* SessionTableViewCell.swift in Sources */ = {isa = PBXBuildFile; fileRef = 566D9B321DB1EF1C009CEA56 /* SessionTableViewCell.swift */; };
		566D9B361DB21895009CEA56 /* SearchResultsTableViewController.swift in Sources */ = {isa = PBXBuildFile; fileRef = 566D9B351DB21895009CEA56 /* SearchResultsTableViewController.swift */; };
		566D9B381DB22370009CEA56 /* SearchResultTableViewCell.swift in Sources */ = {isa = PBXBuildFile; fileRef = 566D9B371DB22370009CEA56 /* SearchResultTableViewCell.swift */; };
		566D9B3A1DB253E9009CEA56 /* ImageCache.swift in Sources */ = {isa = PBXBuildFile; fileRef = 566D9B391DB253E9009CEA56 /* ImageCache.swift */; };
		566D9B3E1DB26A87009CEA56 /* SessionViewController.swift in Sources */ = {isa = PBXBuildFile; fileRef = 566D9B3D1DB26A87009CEA56 /* SessionViewController.swift */; };
/* End PBXBuildFile section */

/* Begin PBXContainerItemProxy section */
		566D9A1E1DB0AE0F009CEA56 /* PBXContainerItemProxy */ = {
			isa = PBXContainerItemProxy;
			containerPortal = 566D9A011DB0AE0F009CEA56 /* Project object */;
			proxyType = 1;
			remoteGlobalIDString = 566D9A081DB0AE0F009CEA56;
			remoteInfo = WWDCCompanion;
		};
		566D9A291DB0AE0F009CEA56 /* PBXContainerItemProxy */ = {
			isa = PBXContainerItemProxy;
			containerPortal = 566D9A011DB0AE0F009CEA56 /* Project object */;
			proxyType = 1;
			remoteGlobalIDString = 566D9A081DB0AE0F009CEA56;
			remoteInfo = WWDCCompanion;
		};
		566D9A531DB0B274009CEA56 /* PBXContainerItemProxy */ = {
			isa = PBXContainerItemProxy;
			containerPortal = 566D9A3C1DB0B273009CEA56 /* GRDB.xcodeproj */;
			proxyType = 2;
			remoteGlobalIDString = DC3773F319C8CBB3004FCF85;
			remoteInfo = GRDBOSX;
		};
		566D9A551DB0B274009CEA56 /* PBXContainerItemProxy */ = {
			isa = PBXContainerItemProxy;
			containerPortal = 566D9A3C1DB0B273009CEA56 /* GRDB.xcodeproj */;
			proxyType = 2;
			remoteGlobalIDString = 56E5D7F91B4D422D00430942;
			remoteInfo = GRDBOSXTests;
		};
		566D9A571DB0B274009CEA56 /* PBXContainerItemProxy */ = {
			isa = PBXContainerItemProxy;
			containerPortal = 566D9A3C1DB0B273009CEA56 /* GRDB.xcodeproj */;
			proxyType = 2;
			remoteGlobalIDString = 560C981A1C0E22D300BF8471;
			remoteInfo = GRDBOSXPerformanceTests;
		};
		566D9A591DB0B274009CEA56 /* PBXContainerItemProxy */ = {
			isa = PBXContainerItemProxy;
			containerPortal = 566D9A3C1DB0B273009CEA56 /* GRDB.xcodeproj */;
			proxyType = 2;
			remoteGlobalIDString = 56553C181C3E906C00522B5C;
			remoteInfo = GRDBOSXCrashTests;
		};
		566D9A5B1DB0B274009CEA56 /* PBXContainerItemProxy */ = {
			isa = PBXContainerItemProxy;
			containerPortal = 566D9A3C1DB0B273009CEA56 /* GRDB.xcodeproj */;
			proxyType = 2;
			remoteGlobalIDString = 560FC54D1CB003810014AA8E;
			remoteInfo = GRDBCipherOSX;
		};
		566D9A5D1DB0B274009CEA56 /* PBXContainerItemProxy */ = {
			isa = PBXContainerItemProxy;
			containerPortal = 566D9A3C1DB0B273009CEA56 /* GRDB.xcodeproj */;
			proxyType = 2;
			remoteGlobalIDString = 560FC5B01CB00B880014AA8E;
			remoteInfo = GRDBCipherOSXTests;
		};
		566D9A5F1DB0B274009CEA56 /* PBXContainerItemProxy */ = {
			isa = PBXContainerItemProxy;
			containerPortal = 566D9A3C1DB0B273009CEA56 /* GRDB.xcodeproj */;
			proxyType = 2;
			remoteGlobalIDString = 5671566C1CB16729007DC145;
			remoteInfo = GRDBCipherOSXEncryptedTests;
		};
		566D9A611DB0B274009CEA56 /* PBXContainerItemProxy */ = {
			isa = PBXContainerItemProxy;
			containerPortal = 566D9A3C1DB0B273009CEA56 /* GRDB.xcodeproj */;
			proxyType = 2;
			remoteGlobalIDString = F3BA805A1CFB2BB2003DC1BA;
			remoteInfo = GRDBCustomSQLiteOSX;
		};
		566D9A631DB0B274009CEA56 /* PBXContainerItemProxy */ = {
			isa = PBXContainerItemProxy;
			containerPortal = 566D9A3C1DB0B273009CEA56 /* GRDB.xcodeproj */;
			proxyType = 2;
			remoteGlobalIDString = F3BA809B1CFB2F6F003DC1BA;
			remoteInfo = GRDBCustomSQLiteOSXTests;
		};
		566D9A651DB0B274009CEA56 /* PBXContainerItemProxy */ = {
			isa = PBXContainerItemProxy;
			containerPortal = 566D9A3C1DB0B273009CEA56 /* GRDB.xcodeproj */;
			proxyType = 2;
			remoteGlobalIDString = 56E5D7CA1B4D3FED00430942;
			remoteInfo = GRDBiOS;
		};
		566D9A671DB0B274009CEA56 /* PBXContainerItemProxy */ = {
			isa = PBXContainerItemProxy;
			containerPortal = 566D9A3C1DB0B273009CEA56 /* GRDB.xcodeproj */;
			proxyType = 2;
			remoteGlobalIDString = 56E5D7D31B4D3FEE00430942;
			remoteInfo = GRDBiOSTests;
		};
		566D9A691DB0B274009CEA56 /* PBXContainerItemProxy */ = {
			isa = PBXContainerItemProxy;
			containerPortal = 566D9A3C1DB0B273009CEA56 /* GRDB.xcodeproj */;
			proxyType = 2;
			remoteGlobalIDString = 56AFCA231CB1A8BB00F48B96;
			remoteInfo = GRDBCipheriOS;
		};
		566D9A6B1DB0B274009CEA56 /* PBXContainerItemProxy */ = {
			isa = PBXContainerItemProxy;
			containerPortal = 566D9A3C1DB0B273009CEA56 /* GRDB.xcodeproj */;
			proxyType = 2;
			remoteGlobalIDString = 56AFCA7F1CB1AA9900F48B96;
			remoteInfo = GRDBCipheriOSTests;
		};
		566D9A6D1DB0B274009CEA56 /* PBXContainerItemProxy */ = {
			isa = PBXContainerItemProxy;
			containerPortal = 566D9A3C1DB0B273009CEA56 /* GRDB.xcodeproj */;
			proxyType = 2;
			remoteGlobalIDString = 56AFCAD71CB1ABC800F48B96;
			remoteInfo = GRDBCipheriOSEncryptedTests;
		};
		566D9A6F1DB0B274009CEA56 /* PBXContainerItemProxy */ = {
			isa = PBXContainerItemProxy;
			containerPortal = 566D9A3C1DB0B273009CEA56 /* GRDB.xcodeproj */;
			proxyType = 2;
			remoteGlobalIDString = F3BA7FFE1CFB25E4003DC1BA;
			remoteInfo = GRDBCustomSQLiteiOS;
		};
		566D9A711DB0B274009CEA56 /* PBXContainerItemProxy */ = {
			isa = PBXContainerItemProxy;
			containerPortal = 566D9A3C1DB0B273009CEA56 /* GRDB.xcodeproj */;
			proxyType = 2;
			remoteGlobalIDString = F3BA80411CFB2AD7003DC1BA;
			remoteInfo = GRDBCustomSQLiteiOSTests;
		};
		566D9A731DB0B274009CEA56 /* PBXContainerItemProxy */ = {
			isa = PBXContainerItemProxy;
			containerPortal = 566D9A3C1DB0B273009CEA56 /* GRDB.xcodeproj */;
			proxyType = 2;
			remoteGlobalIDString = 565490A01D5A4798005622CB;
			remoteInfo = GRDBWatchOS;
		};
		566D9A751DB0B29B009CEA56 /* PBXContainerItemProxy */ = {
			isa = PBXContainerItemProxy;
			containerPortal = 566D9A3C1DB0B273009CEA56 /* GRDB.xcodeproj */;
			proxyType = 1;
			remoteGlobalIDString = F3BA7FFD1CFB25E4003DC1BA;
			remoteInfo = GRDBCustomSQLiteiOS;
		};
		566D9A911DB0B304009CEA56 /* PBXContainerItemProxy */ = {
			isa = PBXContainerItemProxy;
			containerPortal = 566D9A3C1DB0B273009CEA56 /* GRDB.xcodeproj */;
			proxyType = 1;
			remoteGlobalIDString = F3BA7FFD1CFB25E4003DC1BA;
			remoteInfo = GRDBCustomSQLiteiOS;
		};
/* End PBXContainerItemProxy section */

/* Begin PBXCopyFilesBuildPhase section */
		566D9A931DB0B304009CEA56 /* Embed Frameworks */ = {
			isa = PBXCopyFilesBuildPhase;
			buildActionMask = 2147483647;
			dstPath = "";
			dstSubfolderSpec = 10;
			files = (
				566D9A901DB0B304009CEA56 /* GRDBCustomSQLite.framework in Embed Frameworks */,
			);
			name = "Embed Frameworks";
			runOnlyForDeploymentPostprocessing = 0;
		};
/* End PBXCopyFilesBuildPhase section */

/* Begin PBXFileReference section */
		1051CBDCDB7BBC0BD94DDDC5 /* Pods_WWDCCompanion.framework */ = {isa = PBXFileReference; explicitFileType = wrapper.framework; includeInIndex = 0; path = Pods_WWDCCompanion.framework; sourceTree = BUILT_PRODUCTS_DIR; };
		1473BDF0B585EEEDA61977D0 /* Pods-WWDCCompanion.debug.xcconfig */ = {isa = PBXFileReference; includeInIndex = 1; lastKnownFileType = text.xcconfig; name = "Pods-WWDCCompanion.debug.xcconfig"; path = "Pods/Target Support Files/Pods-WWDCCompanion/Pods-WWDCCompanion.debug.xcconfig"; sourceTree = "<group>"; };
		56071A051DB27B1400CA6E47 /* session.html.mustache */ = {isa = PBXFileReference; fileEncoding = 4; lastKnownFileType = text; path = session.html.mustache; sourceTree = "<group>"; };
		56071A521DB5CB6300CA6E47 /* GRDBCustomSQLite-USER.h */ = {isa = PBXFileReference; lastKnownFileType = sourcecode.c.h; path = "GRDBCustomSQLite-USER.h"; sourceTree = "<group>"; };
		56071A531DB5CB6300CA6E47 /* GRDBCustomSQLite-USER.xcconfig */ = {isa = PBXFileReference; lastKnownFileType = text.xcconfig; path = "GRDBCustomSQLite-USER.xcconfig"; sourceTree = "<group>"; };
		56071A541DB5CB6300CA6E47 /* setup.sh */ = {isa = PBXFileReference; lastKnownFileType = text.script.sh; path = setup.sh; sourceTree = "<group>"; };
		56071A551DB5CB6300CA6E47 /* SQLiteLib-USER.xcconfig */ = {isa = PBXFileReference; lastKnownFileType = text.xcconfig; path = "SQLiteLib-USER.xcconfig"; sourceTree = "<group>"; };
		566D9A091DB0AE0F009CEA56 /* WWDCCompanion.app */ = {isa = PBXFileReference; explicitFileType = wrapper.application; includeInIndex = 0; path = WWDCCompanion.app; sourceTree = BUILT_PRODUCTS_DIR; };
		566D9A0C1DB0AE0F009CEA56 /* AppDelegate.swift */ = {isa = PBXFileReference; lastKnownFileType = sourcecode.swift; path = AppDelegate.swift; sourceTree = "<group>"; };
		566D9A111DB0AE0F009CEA56 /* Base */ = {isa = PBXFileReference; lastKnownFileType = file.storyboard; name = Base; path = Base.lproj/Main.storyboard; sourceTree = "<group>"; };
		566D9A131DB0AE0F009CEA56 /* Assets.xcassets */ = {isa = PBXFileReference; lastKnownFileType = folder.assetcatalog; path = Assets.xcassets; sourceTree = "<group>"; };
		566D9A161DB0AE0F009CEA56 /* Base */ = {isa = PBXFileReference; lastKnownFileType = file.storyboard; name = Base; path = Base.lproj/LaunchScreen.storyboard; sourceTree = "<group>"; };
		566D9A181DB0AE0F009CEA56 /* Info.plist */ = {isa = PBXFileReference; lastKnownFileType = text.plist.xml; path = Info.plist; sourceTree = "<group>"; };
		566D9A1D1DB0AE0F009CEA56 /* WWDCCompanionTests.xctest */ = {isa = PBXFileReference; explicitFileType = wrapper.cfbundle; includeInIndex = 0; path = WWDCCompanionTests.xctest; sourceTree = BUILT_PRODUCTS_DIR; };
		566D9A211DB0AE0F009CEA56 /* WWDCCompanionTests.swift */ = {isa = PBXFileReference; lastKnownFileType = sourcecode.swift; path = WWDCCompanionTests.swift; sourceTree = "<group>"; };
		566D9A231DB0AE0F009CEA56 /* Info.plist */ = {isa = PBXFileReference; lastKnownFileType = text.plist.xml; path = Info.plist; sourceTree = "<group>"; };
		566D9A281DB0AE0F009CEA56 /* WWDCCompanionUITests.xctest */ = {isa = PBXFileReference; explicitFileType = wrapper.cfbundle; includeInIndex = 0; path = WWDCCompanionUITests.xctest; sourceTree = BUILT_PRODUCTS_DIR; };
		566D9A2C1DB0AE0F009CEA56 /* WWDCCompanionUITests.swift */ = {isa = PBXFileReference; lastKnownFileType = sourcecode.swift; path = WWDCCompanionUITests.swift; sourceTree = "<group>"; };
		566D9A2E1DB0AE0F009CEA56 /* Info.plist */ = {isa = PBXFileReference; lastKnownFileType = text.plist.xml; path = Info.plist; sourceTree = "<group>"; };
		566D9A3C1DB0B273009CEA56 /* GRDB.xcodeproj */ = {isa = PBXFileReference; lastKnownFileType = "wrapper.pb-project"; name = GRDB.xcodeproj; path = GRDB/GRDB.xcodeproj; sourceTree = SOURCE_ROOT; };
		566D9AAB1DB0F1EB009CEA56 /* WWDC2016.swift */ = {isa = PBXFileReference; fileEncoding = 4; lastKnownFileType = sourcecode.swift; path = WWDC2016.swift; sourceTree = "<group>"; };
		566D9B291DB1EBD4009CEA56 /* Database.swift */ = {isa = PBXFileReference; fileEncoding = 4; lastKnownFileType = sourcecode.swift; path = Database.swift; sourceTree = "<group>"; };
		566D9B2A1DB1EBD4009CEA56 /* Session.swift */ = {isa = PBXFileReference; fileEncoding = 4; lastKnownFileType = sourcecode.swift; path = Session.swift; sourceTree = "<group>"; };
		566D9B2D1DB1EBFD009CEA56 /* SessionsTableViewController.swift */ = {isa = PBXFileReference; fileEncoding = 4; lastKnownFileType = sourcecode.swift; path = SessionsTableViewController.swift; sourceTree = "<group>"; };
		566D9B321DB1EF1C009CEA56 /* SessionTableViewCell.swift */ = {isa = PBXFileReference; fileEncoding = 4; lastKnownFileType = sourcecode.swift; path = SessionTableViewCell.swift; sourceTree = "<group>"; };
		566D9B351DB21895009CEA56 /* SearchResultsTableViewController.swift */ = {isa = PBXFileReference; fileEncoding = 4; lastKnownFileType = sourcecode.swift; path = SearchResultsTableViewController.swift; sourceTree = "<group>"; };
		566D9B371DB22370009CEA56 /* SearchResultTableViewCell.swift */ = {isa = PBXFileReference; fileEncoding = 4; lastKnownFileType = sourcecode.swift; path = SearchResultTableViewCell.swift; sourceTree = "<group>"; };
		566D9B391DB253E9009CEA56 /* ImageCache.swift */ = {isa = PBXFileReference; fileEncoding = 4; lastKnownFileType = sourcecode.swift; path = ImageCache.swift; sourceTree = "<group>"; };
		566D9B3D1DB26A87009CEA56 /* SessionViewController.swift */ = {isa = PBXFileReference; fileEncoding = 4; lastKnownFileType = sourcecode.swift; path = SessionViewController.swift; sourceTree = "<group>"; };
		EAFE63148364053149804619 /* Pods-WWDCCompanion.release.xcconfig */ = {isa = PBXFileReference; includeInIndex = 1; lastKnownFileType = text.xcconfig; name = "Pods-WWDCCompanion.release.xcconfig"; path = "Pods/Target Support Files/Pods-WWDCCompanion/Pods-WWDCCompanion.release.xcconfig"; sourceTree = "<group>"; };
/* End PBXFileReference section */

/* Begin PBXFrameworksBuildPhase section */
		566D9A061DB0AE0F009CEA56 /* Frameworks */ = {
			isa = PBXFrameworksBuildPhase;
			buildActionMask = 2147483647;
			files = (
				566D9A8F1DB0B304009CEA56 /* GRDBCustomSQLite.framework in Frameworks */,
				3FB563915CFFEAD98D4AC409 /* Pods_WWDCCompanion.framework in Frameworks */,
			);
			runOnlyForDeploymentPostprocessing = 0;
		};
		566D9A1A1DB0AE0F009CEA56 /* Frameworks */ = {
			isa = PBXFrameworksBuildPhase;
			buildActionMask = 2147483647;
			files = (
			);
			runOnlyForDeploymentPostprocessing = 0;
		};
		566D9A251DB0AE0F009CEA56 /* Frameworks */ = {
			isa = PBXFrameworksBuildPhase;
			buildActionMask = 2147483647;
			files = (
			);
			runOnlyForDeploymentPostprocessing = 0;
		};
/* End PBXFrameworksBuildPhase section */

/* Begin PBXGroup section */
		2E9E394788858180727DA47F /* Pods */ = {
			isa = PBXGroup;
			children = (
				1473BDF0B585EEEDA61977D0 /* Pods-WWDCCompanion.debug.xcconfig */,
				EAFE63148364053149804619 /* Pods-WWDCCompanion.release.xcconfig */,
			);
			name = Pods;
			sourceTree = "<group>";
		};
		56071A511DB5CB6300CA6E47 /* GRDBCustomSQLite */ = {
			isa = PBXGroup;
			children = (
				56071A541DB5CB6300CA6E47 /* setup.sh */,
				56071A521DB5CB6300CA6E47 /* GRDBCustomSQLite-USER.h */,
				56071A531DB5CB6300CA6E47 /* GRDBCustomSQLite-USER.xcconfig */,
				56071A551DB5CB6300CA6E47 /* SQLiteLib-USER.xcconfig */,
			);
			path = GRDBCustomSQLite;
			sourceTree = "<group>";
		};
		566D9A001DB0AE0F009CEA56 = {
			isa = PBXGroup;
			children = (
				566D9A0B1DB0AE0F009CEA56 /* WWDCCompanion */,
				566D9A201DB0AE0F009CEA56 /* WWDCCompanionTests */,
				566D9A2B1DB0AE0F009CEA56 /* WWDCCompanionUITests */,
				566D9A0A1DB0AE0F009CEA56 /* Products */,
				2E9E394788858180727DA47F /* Pods */,
				EACA5C496B81AC48146252AF /* Frameworks */,
			);
			sourceTree = "<group>";
		};
		566D9A0A1DB0AE0F009CEA56 /* Products */ = {
			isa = PBXGroup;
			children = (
				566D9A091DB0AE0F009CEA56 /* WWDCCompanion.app */,
				566D9A1D1DB0AE0F009CEA56 /* WWDCCompanionTests.xctest */,
				566D9A281DB0AE0F009CEA56 /* WWDCCompanionUITests.xctest */,
			);
			name = Products;
			sourceTree = "<group>";
		};
		566D9A0B1DB0AE0F009CEA56 /* WWDCCompanion */ = {
			isa = PBXGroup;
			children = (
				566D9A0C1DB0AE0F009CEA56 /* AppDelegate.swift */,
				566D9B271DB1EBD4009CEA56 /* Controllers */,
				566D9B281DB1EBD4009CEA56 /* Models */,
				566D9B311DB1EF05009CEA56 /* Views */,
				566D9B391DB253E9009CEA56 /* ImageCache.swift */,
				566D9AAB1DB0F1EB009CEA56 /* WWDC2016.swift */,
				566D9B341DB1EF5A009CEA56 /* Resources */,
				566D9A181DB0AE0F009CEA56 /* Info.plist */,
			);
			path = WWDCCompanion;
			sourceTree = "<group>";
		};
		566D9A201DB0AE0F009CEA56 /* WWDCCompanionTests */ = {
			isa = PBXGroup;
			children = (
				566D9A211DB0AE0F009CEA56 /* WWDCCompanionTests.swift */,
				566D9A231DB0AE0F009CEA56 /* Info.plist */,
			);
			path = WWDCCompanionTests;
			sourceTree = "<group>";
		};
		566D9A2B1DB0AE0F009CEA56 /* WWDCCompanionUITests */ = {
			isa = PBXGroup;
			children = (
				566D9A2C1DB0AE0F009CEA56 /* WWDCCompanionUITests.swift */,
				566D9A2E1DB0AE0F009CEA56 /* Info.plist */,
			);
			path = WWDCCompanionUITests;
			sourceTree = "<group>";
		};
		566D9A3D1DB0B273009CEA56 /* Products */ = {
			isa = PBXGroup;
			children = (
				566D9A541DB0B274009CEA56 /* GRDB.framework */,
				566D9A561DB0B274009CEA56 /* GRDBTests.xctest */,
				566D9A581DB0B274009CEA56 /* GRDBOSXPerformanceTests.xctest */,
				566D9A5A1DB0B274009CEA56 /* GRDBOSXCrashTests.xctest */,
				566D9A5C1DB0B274009CEA56 /* GRDBCipher.framework */,
				566D9A5E1DB0B274009CEA56 /* GRDBTests.xctest */,
				566D9A601DB0B274009CEA56 /* GRDBCipherOSXEncryptedTests.xctest */,
				566D9A621DB0B274009CEA56 /* GRDBCustomSQLite.framework */,
				566D9A641DB0B274009CEA56 /* GRDBCustomSQLiteOSXTests.xctest */,
				566D9A661DB0B274009CEA56 /* GRDB.framework */,
				566D9A681DB0B274009CEA56 /* GRDBTests.xctest */,
				566D9A6A1DB0B274009CEA56 /* GRDBCipher.framework */,
				566D9A6C1DB0B274009CEA56 /* GRDBTests.xctest */,
				566D9A6E1DB0B274009CEA56 /* GRDBTests.xctest */,
				566D9A701DB0B274009CEA56 /* GRDBCustomSQLite.framework */,
				566D9A721DB0B274009CEA56 /* GRDBCustomSQLiteiOSTests.xctest */,
				566D9A741DB0B274009CEA56 /* GRDB.framework */,
			);
			name = Products;
			sourceTree = "<group>";
		};
		566D9B271DB1EBD4009CEA56 /* Controllers */ = {
			isa = PBXGroup;
			children = (
				566D9B351DB21895009CEA56 /* SearchResultsTableViewController.swift */,
				566D9B2D1DB1EBFD009CEA56 /* SessionsTableViewController.swift */,
				566D9B3D1DB26A87009CEA56 /* SessionViewController.swift */,
			);
			path = Controllers;
			sourceTree = "<group>";
		};
		566D9B281DB1EBD4009CEA56 /* Models */ = {
			isa = PBXGroup;
			children = (
				566D9B291DB1EBD4009CEA56 /* Database.swift */,
				566D9B2A1DB1EBD4009CEA56 /* Session.swift */,
			);
			path = Models;
			sourceTree = "<group>";
		};
		566D9B311DB1EF05009CEA56 /* Views */ = {
			isa = PBXGroup;
			children = (
				566D9B371DB22370009CEA56 /* SearchResultTableViewCell.swift */,
				566D9B321DB1EF1C009CEA56 /* SessionTableViewCell.swift */,
			);
			path = Views;
			sourceTree = "<group>";
		};
		566D9B341DB1EF5A009CEA56 /* Resources */ = {
			isa = PBXGroup;
			children = (
				566D9A131DB0AE0F009CEA56 /* Assets.xcassets */,
				566D9A151DB0AE0F009CEA56 /* LaunchScreen.storyboard */,
				566D9A101DB0AE0F009CEA56 /* Main.storyboard */,
				56071A051DB27B1400CA6E47 /* session.html.mustache */,
			);
			name = Resources;
			sourceTree = "<group>";
		};
		EACA5C496B81AC48146252AF /* Frameworks */ = {
			isa = PBXGroup;
			children = (
				566D9A3C1DB0B273009CEA56 /* GRDB.xcodeproj */,
				56071A511DB5CB6300CA6E47 /* GRDBCustomSQLite */,
				1051CBDCDB7BBC0BD94DDDC5 /* Pods_WWDCCompanion.framework */,
			);
			name = Frameworks;
			sourceTree = "<group>";
		};
/* End PBXGroup section */

/* Begin PBXNativeTarget section */
		566D9A081DB0AE0F009CEA56 /* WWDCCompanion */ = {
			isa = PBXNativeTarget;
			buildConfigurationList = 566D9A311DB0AE0F009CEA56 /* Build configuration list for PBXNativeTarget "WWDCCompanion" */;
			buildPhases = (
				C1E9004D8901B6D94F375DA6 /* [CP] Check Pods Manifest.lock */,
				566D9A051DB0AE0F009CEA56 /* Sources */,
				566D9A061DB0AE0F009CEA56 /* Frameworks */,
				566D9A071DB0AE0F009CEA56 /* Resources */,
				566D9A931DB0B304009CEA56 /* Embed Frameworks */,
				31CB3D48999AA46314AE197B /* [CP] Embed Pods Frameworks */,
				B97F64A3E6242C9F0554622F /* [CP] Copy Pods Resources */,
			);
			buildRules = (
			);
			dependencies = (
				566D9A761DB0B29B009CEA56 /* PBXTargetDependency */,
				566D9A921DB0B304009CEA56 /* PBXTargetDependency */,
			);
			name = WWDCCompanion;
			productName = WWDCCompanion;
			productReference = 566D9A091DB0AE0F009CEA56 /* WWDCCompanion.app */;
			productType = "com.apple.product-type.application";
		};
		566D9A1C1DB0AE0F009CEA56 /* WWDCCompanionTests */ = {
			isa = PBXNativeTarget;
			buildConfigurationList = 566D9A341DB0AE0F009CEA56 /* Build configuration list for PBXNativeTarget "WWDCCompanionTests" */;
			buildPhases = (
				566D9A191DB0AE0F009CEA56 /* Sources */,
				566D9A1A1DB0AE0F009CEA56 /* Frameworks */,
				566D9A1B1DB0AE0F009CEA56 /* Resources */,
			);
			buildRules = (
			);
			dependencies = (
				566D9A1F1DB0AE0F009CEA56 /* PBXTargetDependency */,
			);
			name = WWDCCompanionTests;
			productName = WWDCCompanionTests;
			productReference = 566D9A1D1DB0AE0F009CEA56 /* WWDCCompanionTests.xctest */;
			productType = "com.apple.product-type.bundle.unit-test";
		};
		566D9A271DB0AE0F009CEA56 /* WWDCCompanionUITests */ = {
			isa = PBXNativeTarget;
			buildConfigurationList = 566D9A371DB0AE0F009CEA56 /* Build configuration list for PBXNativeTarget "WWDCCompanionUITests" */;
			buildPhases = (
				566D9A241DB0AE0F009CEA56 /* Sources */,
				566D9A251DB0AE0F009CEA56 /* Frameworks */,
				566D9A261DB0AE0F009CEA56 /* Resources */,
			);
			buildRules = (
			);
			dependencies = (
				566D9A2A1DB0AE0F009CEA56 /* PBXTargetDependency */,
			);
			name = WWDCCompanionUITests;
			productName = WWDCCompanionUITests;
			productReference = 566D9A281DB0AE0F009CEA56 /* WWDCCompanionUITests.xctest */;
			productType = "com.apple.product-type.bundle.ui-testing";
		};
/* End PBXNativeTarget section */

/* Begin PBXProject section */
		566D9A011DB0AE0F009CEA56 /* Project object */ = {
			isa = PBXProject;
			attributes = {
				LastSwiftUpdateCheck = 0800;
				LastUpgradeCheck = 0800;
				ORGANIZATIONNAME = "Gwendal Roué";
				TargetAttributes = {
					566D9A081DB0AE0F009CEA56 = {
						CreatedOnToolsVersion = 8.0;
						DevelopmentTeam = AMD8W895CT;
						ProvisioningStyle = Automatic;
					};
					566D9A1C1DB0AE0F009CEA56 = {
						CreatedOnToolsVersion = 8.0;
						DevelopmentTeam = AMD8W895CT;
						ProvisioningStyle = Automatic;
						TestTargetID = 566D9A081DB0AE0F009CEA56;
					};
					566D9A271DB0AE0F009CEA56 = {
						CreatedOnToolsVersion = 8.0;
						DevelopmentTeam = AMD8W895CT;
						ProvisioningStyle = Automatic;
						TestTargetID = 566D9A081DB0AE0F009CEA56;
					};
				};
			};
			buildConfigurationList = 566D9A041DB0AE0F009CEA56 /* Build configuration list for PBXProject "WWDCCompanion" */;
			compatibilityVersion = "Xcode 3.2";
			developmentRegion = English;
			hasScannedForEncodings = 0;
			knownRegions = (
				en,
				Base,
			);
			mainGroup = 566D9A001DB0AE0F009CEA56;
			productRefGroup = 566D9A0A1DB0AE0F009CEA56 /* Products */;
			projectDirPath = "";
			projectReferences = (
				{
					ProductGroup = 566D9A3D1DB0B273009CEA56 /* Products */;
					ProjectRef = 566D9A3C1DB0B273009CEA56 /* GRDB.xcodeproj */;
				},
			);
			projectRoot = "";
			targets = (
				566D9A081DB0AE0F009CEA56 /* WWDCCompanion */,
				566D9A1C1DB0AE0F009CEA56 /* WWDCCompanionTests */,
				566D9A271DB0AE0F009CEA56 /* WWDCCompanionUITests */,
			);
		};
/* End PBXProject section */

/* Begin PBXReferenceProxy section */
		566D9A541DB0B274009CEA56 /* GRDB.framework */ = {
			isa = PBXReferenceProxy;
			fileType = wrapper.framework;
			path = GRDB.framework;
			remoteRef = 566D9A531DB0B274009CEA56 /* PBXContainerItemProxy */;
			sourceTree = BUILT_PRODUCTS_DIR;
		};
		566D9A561DB0B274009CEA56 /* GRDBTests.xctest */ = {
			isa = PBXReferenceProxy;
			fileType = wrapper.cfbundle;
			path = GRDBTests.xctest;
			remoteRef = 566D9A551DB0B274009CEA56 /* PBXContainerItemProxy */;
			sourceTree = BUILT_PRODUCTS_DIR;
		};
		566D9A581DB0B274009CEA56 /* GRDBOSXPerformanceTests.xctest */ = {
			isa = PBXReferenceProxy;
			fileType = wrapper.cfbundle;
			path = GRDBOSXPerformanceTests.xctest;
			remoteRef = 566D9A571DB0B274009CEA56 /* PBXContainerItemProxy */;
			sourceTree = BUILT_PRODUCTS_DIR;
		};
		566D9A5A1DB0B274009CEA56 /* GRDBOSXCrashTests.xctest */ = {
			isa = PBXReferenceProxy;
			fileType = wrapper.cfbundle;
			path = GRDBOSXCrashTests.xctest;
			remoteRef = 566D9A591DB0B274009CEA56 /* PBXContainerItemProxy */;
			sourceTree = BUILT_PRODUCTS_DIR;
		};
		566D9A5C1DB0B274009CEA56 /* GRDBCipher.framework */ = {
			isa = PBXReferenceProxy;
			fileType = wrapper.framework;
			path = GRDBCipher.framework;
			remoteRef = 566D9A5B1DB0B274009CEA56 /* PBXContainerItemProxy */;
			sourceTree = BUILT_PRODUCTS_DIR;
		};
		566D9A5E1DB0B274009CEA56 /* GRDBTests.xctest */ = {
			isa = PBXReferenceProxy;
			fileType = wrapper.cfbundle;
			path = GRDBTests.xctest;
			remoteRef = 566D9A5D1DB0B274009CEA56 /* PBXContainerItemProxy */;
			sourceTree = BUILT_PRODUCTS_DIR;
		};
		566D9A601DB0B274009CEA56 /* GRDBCipherOSXEncryptedTests.xctest */ = {
			isa = PBXReferenceProxy;
			fileType = wrapper.cfbundle;
			path = GRDBCipherOSXEncryptedTests.xctest;
			remoteRef = 566D9A5F1DB0B274009CEA56 /* PBXContainerItemProxy */;
			sourceTree = BUILT_PRODUCTS_DIR;
		};
		566D9A621DB0B274009CEA56 /* GRDBCustomSQLite.framework */ = {
			isa = PBXReferenceProxy;
			fileType = wrapper.framework;
			path = GRDBCustomSQLite.framework;
			remoteRef = 566D9A611DB0B274009CEA56 /* PBXContainerItemProxy */;
			sourceTree = BUILT_PRODUCTS_DIR;
		};
		566D9A641DB0B274009CEA56 /* GRDBCustomSQLiteOSXTests.xctest */ = {
			isa = PBXReferenceProxy;
			fileType = wrapper.cfbundle;
			path = GRDBCustomSQLiteOSXTests.xctest;
			remoteRef = 566D9A631DB0B274009CEA56 /* PBXContainerItemProxy */;
			sourceTree = BUILT_PRODUCTS_DIR;
		};
		566D9A661DB0B274009CEA56 /* GRDB.framework */ = {
			isa = PBXReferenceProxy;
			fileType = wrapper.framework;
			path = GRDB.framework;
			remoteRef = 566D9A651DB0B274009CEA56 /* PBXContainerItemProxy */;
			sourceTree = BUILT_PRODUCTS_DIR;
		};
		566D9A681DB0B274009CEA56 /* GRDBTests.xctest */ = {
			isa = PBXReferenceProxy;
			fileType = wrapper.cfbundle;
			path = GRDBTests.xctest;
			remoteRef = 566D9A671DB0B274009CEA56 /* PBXContainerItemProxy */;
			sourceTree = BUILT_PRODUCTS_DIR;
		};
		566D9A6A1DB0B274009CEA56 /* GRDBCipher.framework */ = {
			isa = PBXReferenceProxy;
			fileType = wrapper.framework;
			path = GRDBCipher.framework;
			remoteRef = 566D9A691DB0B274009CEA56 /* PBXContainerItemProxy */;
			sourceTree = BUILT_PRODUCTS_DIR;
		};
		566D9A6C1DB0B274009CEA56 /* GRDBTests.xctest */ = {
			isa = PBXReferenceProxy;
			fileType = wrapper.cfbundle;
			path = GRDBTests.xctest;
			remoteRef = 566D9A6B1DB0B274009CEA56 /* PBXContainerItemProxy */;
			sourceTree = BUILT_PRODUCTS_DIR;
		};
		566D9A6E1DB0B274009CEA56 /* GRDBTests.xctest */ = {
			isa = PBXReferenceProxy;
			fileType = wrapper.cfbundle;
			path = GRDBTests.xctest;
			remoteRef = 566D9A6D1DB0B274009CEA56 /* PBXContainerItemProxy */;
			sourceTree = BUILT_PRODUCTS_DIR;
		};
		566D9A701DB0B274009CEA56 /* GRDBCustomSQLite.framework */ = {
			isa = PBXReferenceProxy;
			fileType = wrapper.framework;
			path = GRDBCustomSQLite.framework;
			remoteRef = 566D9A6F1DB0B274009CEA56 /* PBXContainerItemProxy */;
			sourceTree = BUILT_PRODUCTS_DIR;
		};
		566D9A721DB0B274009CEA56 /* GRDBCustomSQLiteiOSTests.xctest */ = {
			isa = PBXReferenceProxy;
			fileType = wrapper.cfbundle;
			path = GRDBCustomSQLiteiOSTests.xctest;
			remoteRef = 566D9A711DB0B274009CEA56 /* PBXContainerItemProxy */;
			sourceTree = BUILT_PRODUCTS_DIR;
		};
		566D9A741DB0B274009CEA56 /* GRDB.framework */ = {
			isa = PBXReferenceProxy;
			fileType = wrapper.framework;
			path = GRDB.framework;
			remoteRef = 566D9A731DB0B274009CEA56 /* PBXContainerItemProxy */;
			sourceTree = BUILT_PRODUCTS_DIR;
		};
/* End PBXReferenceProxy section */

/* Begin PBXResourcesBuildPhase section */
		566D9A071DB0AE0F009CEA56 /* Resources */ = {
			isa = PBXResourcesBuildPhase;
			buildActionMask = 2147483647;
			files = (
				56071A061DB27B1400CA6E47 /* session.html.mustache in Resources */,
				566D9A171DB0AE0F009CEA56 /* LaunchScreen.storyboard in Resources */,
				566D9A141DB0AE0F009CEA56 /* Assets.xcassets in Resources */,
				566D9A121DB0AE0F009CEA56 /* Main.storyboard in Resources */,
			);
			runOnlyForDeploymentPostprocessing = 0;
		};
		566D9A1B1DB0AE0F009CEA56 /* Resources */ = {
			isa = PBXResourcesBuildPhase;
			buildActionMask = 2147483647;
			files = (
			);
			runOnlyForDeploymentPostprocessing = 0;
		};
		566D9A261DB0AE0F009CEA56 /* Resources */ = {
			isa = PBXResourcesBuildPhase;
			buildActionMask = 2147483647;
			files = (
			);
			runOnlyForDeploymentPostprocessing = 0;
		};
/* End PBXResourcesBuildPhase section */

/* Begin PBXShellScriptBuildPhase section */
		31CB3D48999AA46314AE197B /* [CP] Embed Pods Frameworks */ = {
			isa = PBXShellScriptBuildPhase;
			buildActionMask = 2147483647;
			files = (
			);
			inputPaths = (
			);
			name = "[CP] Embed Pods Frameworks";
			outputPaths = (
			);
			runOnlyForDeploymentPostprocessing = 0;
			shellPath = /bin/sh;
			shellScript = "\"${SRCROOT}/Pods/Target Support Files/Pods-WWDCCompanion/Pods-WWDCCompanion-frameworks.sh\"\n";
			showEnvVarsInLog = 0;
		};
		B97F64A3E6242C9F0554622F /* [CP] Copy Pods Resources */ = {
			isa = PBXShellScriptBuildPhase;
			buildActionMask = 2147483647;
			files = (
			);
			inputPaths = (
			);
			name = "[CP] Copy Pods Resources";
			outputPaths = (
			);
			runOnlyForDeploymentPostprocessing = 0;
			shellPath = /bin/sh;
			shellScript = "\"${SRCROOT}/Pods/Target Support Files/Pods-WWDCCompanion/Pods-WWDCCompanion-resources.sh\"\n";
			showEnvVarsInLog = 0;
		};
		C1E9004D8901B6D94F375DA6 /* [CP] Check Pods Manifest.lock */ = {
			isa = PBXShellScriptBuildPhase;
			buildActionMask = 2147483647;
			files = (
			);
			inputPaths = (
			);
			name = "[CP] Check Pods Manifest.lock";
			outputPaths = (
			);
			runOnlyForDeploymentPostprocessing = 0;
			shellPath = /bin/sh;
			shellScript = "diff \"${PODS_ROOT}/../Podfile.lock\" \"${PODS_ROOT}/Manifest.lock\" > /dev/null\nif [ $? != 0 ] ; then\n    # print error to STDERR\n    echo \"error: The sandbox is not in sync with the Podfile.lock. Run 'pod install' or update your CocoaPods installation.\" >&2\n    exit 1\nfi\n";
			showEnvVarsInLog = 0;
		};
/* End PBXShellScriptBuildPhase section */

/* Begin PBXSourcesBuildPhase section */
		566D9A051DB0AE0F009CEA56 /* Sources */ = {
			isa = PBXSourcesBuildPhase;
			buildActionMask = 2147483647;
			files = (
				566D9B2C1DB1EBD4009CEA56 /* Session.swift in Sources */,
				566D9B331DB1EF1C009CEA56 /* SessionTableViewCell.swift in Sources */,
				566D9B381DB22370009CEA56 /* SearchResultTableViewCell.swift in Sources */,
				566D9B3E1DB26A87009CEA56 /* SessionViewController.swift in Sources */,
				566D9B3A1DB253E9009CEA56 /* ImageCache.swift in Sources */,
				566D9B2B1DB1EBD4009CEA56 /* Database.swift in Sources */,
				566D9AAC1DB0F1EB009CEA56 /* WWDC2016.swift in Sources */,
				566D9A0D1DB0AE0F009CEA56 /* AppDelegate.swift in Sources */,
				566D9B361DB21895009CEA56 /* SearchResultsTableViewController.swift in Sources */,
				566D9B2E1DB1EBFD009CEA56 /* SessionsTableViewController.swift in Sources */,
			);
			runOnlyForDeploymentPostprocessing = 0;
		};
		566D9A191DB0AE0F009CEA56 /* Sources */ = {
			isa = PBXSourcesBuildPhase;
			buildActionMask = 2147483647;
			files = (
				566D9A221DB0AE0F009CEA56 /* WWDCCompanionTests.swift in Sources */,
			);
			runOnlyForDeploymentPostprocessing = 0;
		};
		566D9A241DB0AE0F009CEA56 /* Sources */ = {
			isa = PBXSourcesBuildPhase;
			buildActionMask = 2147483647;
			files = (
				566D9A2D1DB0AE0F009CEA56 /* WWDCCompanionUITests.swift in Sources */,
			);
			runOnlyForDeploymentPostprocessing = 0;
		};
/* End PBXSourcesBuildPhase section */

/* Begin PBXTargetDependency section */
		566D9A1F1DB0AE0F009CEA56 /* PBXTargetDependency */ = {
			isa = PBXTargetDependency;
			target = 566D9A081DB0AE0F009CEA56 /* WWDCCompanion */;
			targetProxy = 566D9A1E1DB0AE0F009CEA56 /* PBXContainerItemProxy */;
		};
		566D9A2A1DB0AE0F009CEA56 /* PBXTargetDependency */ = {
			isa = PBXTargetDependency;
			target = 566D9A081DB0AE0F009CEA56 /* WWDCCompanion */;
			targetProxy = 566D9A291DB0AE0F009CEA56 /* PBXContainerItemProxy */;
		};
		566D9A761DB0B29B009CEA56 /* PBXTargetDependency */ = {
			isa = PBXTargetDependency;
			name = GRDBCustomSQLiteiOS;
			targetProxy = 566D9A751DB0B29B009CEA56 /* PBXContainerItemProxy */;
		};
		566D9A921DB0B304009CEA56 /* PBXTargetDependency */ = {
			isa = PBXTargetDependency;
			name = GRDBCustomSQLiteiOS;
			targetProxy = 566D9A911DB0B304009CEA56 /* PBXContainerItemProxy */;
		};
/* End PBXTargetDependency section */

/* Begin PBXVariantGroup section */
		566D9A101DB0AE0F009CEA56 /* Main.storyboard */ = {
			isa = PBXVariantGroup;
			children = (
				566D9A111DB0AE0F009CEA56 /* Base */,
			);
			name = Main.storyboard;
			sourceTree = "<group>";
		};
		566D9A151DB0AE0F009CEA56 /* LaunchScreen.storyboard */ = {
			isa = PBXVariantGroup;
			children = (
				566D9A161DB0AE0F009CEA56 /* Base */,
			);
			name = LaunchScreen.storyboard;
			sourceTree = "<group>";
		};
/* End PBXVariantGroup section */

/* Begin XCBuildConfiguration section */
		566D9A2F1DB0AE0F009CEA56 /* Debug */ = {
			isa = XCBuildConfiguration;
			buildSettings = {
				ALWAYS_SEARCH_USER_PATHS = NO;
				CLANG_ANALYZER_NONNULL = YES;
				CLANG_CXX_LANGUAGE_STANDARD = "gnu++0x";
				CLANG_CXX_LIBRARY = "libc++";
				CLANG_ENABLE_MODULES = YES;
				CLANG_ENABLE_OBJC_ARC = YES;
				CLANG_WARN_BOOL_CONVERSION = YES;
				CLANG_WARN_CONSTANT_CONVERSION = YES;
				CLANG_WARN_DIRECT_OBJC_ISA_USAGE = YES_ERROR;
				CLANG_WARN_DOCUMENTATION_COMMENTS = YES;
				CLANG_WARN_EMPTY_BODY = YES;
				CLANG_WARN_ENUM_CONVERSION = YES;
				CLANG_WARN_INFINITE_RECURSION = YES;
				CLANG_WARN_INT_CONVERSION = YES;
				CLANG_WARN_OBJC_ROOT_CLASS = YES_ERROR;
				CLANG_WARN_SUSPICIOUS_MOVE = YES;
				CLANG_WARN_SUSPICIOUS_MOVES = YES;
				CLANG_WARN_UNREACHABLE_CODE = YES;
				CLANG_WARN__DUPLICATE_METHOD_MATCH = YES;
				"CODE_SIGN_IDENTITY[sdk=iphoneos*]" = "iPhone Developer";
				COPY_PHASE_STRIP = NO;
				DEBUG_INFORMATION_FORMAT = dwarf;
				ENABLE_STRICT_OBJC_MSGSEND = YES;
				ENABLE_TESTABILITY = YES;
				GCC_C_LANGUAGE_STANDARD = gnu99;
				GCC_DYNAMIC_NO_PIC = NO;
				GCC_NO_COMMON_BLOCKS = YES;
				GCC_OPTIMIZATION_LEVEL = 0;
				GCC_PREPROCESSOR_DEFINITIONS = (
					"DEBUG=1",
					"$(inherited)",
				);
				GCC_WARN_64_TO_32_BIT_CONVERSION = YES;
				GCC_WARN_ABOUT_RETURN_TYPE = YES_ERROR;
				GCC_WARN_UNDECLARED_SELECTOR = YES;
				GCC_WARN_UNINITIALIZED_AUTOS = YES_AGGRESSIVE;
				GCC_WARN_UNUSED_FUNCTION = YES;
				GCC_WARN_UNUSED_VARIABLE = YES;
				IPHONEOS_DEPLOYMENT_TARGET = 10.0;
				MTL_ENABLE_DEBUG_INFO = YES;
				ONLY_ACTIVE_ARCH = YES;
				SDKROOT = iphoneos;
				SWIFT_ACTIVE_COMPILATION_CONDITIONS = DEBUG;
				SWIFT_OPTIMIZATION_LEVEL = "-Onone";
			};
			name = Debug;
		};
		566D9A301DB0AE0F009CEA56 /* Release */ = {
			isa = XCBuildConfiguration;
			buildSettings = {
				ALWAYS_SEARCH_USER_PATHS = NO;
				CLANG_ANALYZER_NONNULL = YES;
				CLANG_CXX_LANGUAGE_STANDARD = "gnu++0x";
				CLANG_CXX_LIBRARY = "libc++";
				CLANG_ENABLE_MODULES = YES;
				CLANG_ENABLE_OBJC_ARC = YES;
				CLANG_WARN_BOOL_CONVERSION = YES;
				CLANG_WARN_CONSTANT_CONVERSION = YES;
				CLANG_WARN_DIRECT_OBJC_ISA_USAGE = YES_ERROR;
				CLANG_WARN_DOCUMENTATION_COMMENTS = YES;
				CLANG_WARN_EMPTY_BODY = YES;
				CLANG_WARN_ENUM_CONVERSION = YES;
				CLANG_WARN_INFINITE_RECURSION = YES;
				CLANG_WARN_INT_CONVERSION = YES;
				CLANG_WARN_OBJC_ROOT_CLASS = YES_ERROR;
				CLANG_WARN_SUSPICIOUS_MOVE = YES;
				CLANG_WARN_SUSPICIOUS_MOVES = YES;
				CLANG_WARN_UNREACHABLE_CODE = YES;
				CLANG_WARN__DUPLICATE_METHOD_MATCH = YES;
				"CODE_SIGN_IDENTITY[sdk=iphoneos*]" = "iPhone Developer";
				COPY_PHASE_STRIP = NO;
				DEBUG_INFORMATION_FORMAT = "dwarf-with-dsym";
				ENABLE_NS_ASSERTIONS = NO;
				ENABLE_STRICT_OBJC_MSGSEND = YES;
				GCC_C_LANGUAGE_STANDARD = gnu99;
				GCC_NO_COMMON_BLOCKS = YES;
				GCC_WARN_64_TO_32_BIT_CONVERSION = YES;
				GCC_WARN_ABOUT_RETURN_TYPE = YES_ERROR;
				GCC_WARN_UNDECLARED_SELECTOR = YES;
				GCC_WARN_UNINITIALIZED_AUTOS = YES_AGGRESSIVE;
				GCC_WARN_UNUSED_FUNCTION = YES;
				GCC_WARN_UNUSED_VARIABLE = YES;
				IPHONEOS_DEPLOYMENT_TARGET = 10.0;
				MTL_ENABLE_DEBUG_INFO = NO;
				SDKROOT = iphoneos;
				SWIFT_OPTIMIZATION_LEVEL = "-Owholemodule";
				VALIDATE_PRODUCT = YES;
			};
			name = Release;
		};
		566D9A321DB0AE0F009CEA56 /* Debug */ = {
			isa = XCBuildConfiguration;
			baseConfigurationReference = 1473BDF0B585EEEDA61977D0 /* Pods-WWDCCompanion.debug.xcconfig */;
			buildSettings = {
				ALWAYS_EMBED_SWIFT_STANDARD_LIBRARIES = YES;
				ASSETCATALOG_COMPILER_APPICON_NAME = AppIcon;
				DEVELOPMENT_TEAM = AMD8W895CT;
				INFOPLIST_FILE = WWDCCompanion/Info.plist;
				LD_RUNPATH_SEARCH_PATHS = "$(inherited) @executable_path/Frameworks";
				PRODUCT_BUNDLE_IDENTIFIER = com.github.groue.WWDCCompanion;
				PRODUCT_NAME = "$(TARGET_NAME)";
				SWIFT_VERSION = 3.0;
			};
			name = Debug;
		};
		566D9A331DB0AE0F009CEA56 /* Release */ = {
			isa = XCBuildConfiguration;
			baseConfigurationReference = EAFE63148364053149804619 /* Pods-WWDCCompanion.release.xcconfig */;
			buildSettings = {
				ALWAYS_EMBED_SWIFT_STANDARD_LIBRARIES = YES;
				ASSETCATALOG_COMPILER_APPICON_NAME = AppIcon;
				DEVELOPMENT_TEAM = AMD8W895CT;
				INFOPLIST_FILE = WWDCCompanion/Info.plist;
				LD_RUNPATH_SEARCH_PATHS = "$(inherited) @executable_path/Frameworks";
				PRODUCT_BUNDLE_IDENTIFIER = com.github.groue.WWDCCompanion;
				PRODUCT_NAME = "$(TARGET_NAME)";
				SWIFT_VERSION = 3.0;
			};
			name = Release;
		};
		566D9A351DB0AE0F009CEA56 /* Debug */ = {
			isa = XCBuildConfiguration;
			buildSettings = {
				ALWAYS_EMBED_SWIFT_STANDARD_LIBRARIES = YES;
				BUNDLE_LOADER = "$(TEST_HOST)";
				DEVELOPMENT_TEAM = AMD8W895CT;
				INFOPLIST_FILE = WWDCCompanionTests/Info.plist;
				LD_RUNPATH_SEARCH_PATHS = "$(inherited) @executable_path/Frameworks @loader_path/Frameworks";
				PRODUCT_BUNDLE_IDENTIFIER = com.github.groue.WWDCCompanionTests;
				PRODUCT_NAME = "$(TARGET_NAME)";
				SWIFT_VERSION = 3.0;
				TEST_HOST = "$(BUILT_PRODUCTS_DIR)/WWDCCompanion.app/WWDCCompanion";
			};
			name = Debug;
		};
		566D9A361DB0AE0F009CEA56 /* Release */ = {
			isa = XCBuildConfiguration;
			buildSettings = {
				ALWAYS_EMBED_SWIFT_STANDARD_LIBRARIES = YES;
				BUNDLE_LOADER = "$(TEST_HOST)";
				DEVELOPMENT_TEAM = AMD8W895CT;
				INFOPLIST_FILE = WWDCCompanionTests/Info.plist;
				LD_RUNPATH_SEARCH_PATHS = "$(inherited) @executable_path/Frameworks @loader_path/Frameworks";
				PRODUCT_BUNDLE_IDENTIFIER = com.github.groue.WWDCCompanionTests;
				PRODUCT_NAME = "$(TARGET_NAME)";
				SWIFT_VERSION = 3.0;
				TEST_HOST = "$(BUILT_PRODUCTS_DIR)/WWDCCompanion.app/WWDCCompanion";
			};
			name = Release;
		};
		566D9A381DB0AE0F009CEA56 /* Debug */ = {
			isa = XCBuildConfiguration;
			buildSettings = {
				ALWAYS_EMBED_SWIFT_STANDARD_LIBRARIES = YES;
				DEVELOPMENT_TEAM = AMD8W895CT;
				INFOPLIST_FILE = WWDCCompanionUITests/Info.plist;
				LD_RUNPATH_SEARCH_PATHS = "$(inherited) @executable_path/Frameworks @loader_path/Frameworks";
				PRODUCT_BUNDLE_IDENTIFIER = com.github.groue.WWDCCompanionUITests;
				PRODUCT_NAME = "$(TARGET_NAME)";
				SWIFT_VERSION = 3.0;
				TEST_TARGET_NAME = WWDCCompanion;
			};
			name = Debug;
		};
		566D9A391DB0AE0F009CEA56 /* Release */ = {
			isa = XCBuildConfiguration;
			buildSettings = {
				ALWAYS_EMBED_SWIFT_STANDARD_LIBRARIES = YES;
				DEVELOPMENT_TEAM = AMD8W895CT;
				INFOPLIST_FILE = WWDCCompanionUITests/Info.plist;
				LD_RUNPATH_SEARCH_PATHS = "$(inherited) @executable_path/Frameworks @loader_path/Frameworks";
				PRODUCT_BUNDLE_IDENTIFIER = com.github.groue.WWDCCompanionUITests;
				PRODUCT_NAME = "$(TARGET_NAME)";
				SWIFT_VERSION = 3.0;
				TEST_TARGET_NAME = WWDCCompanion;
			};
			name = Release;
		};
/* End XCBuildConfiguration section */

/* Begin XCConfigurationList section */
		566D9A041DB0AE0F009CEA56 /* Build configuration list for PBXProject "WWDCCompanion" */ = {
			isa = XCConfigurationList;
			buildConfigurations = (
				566D9A2F1DB0AE0F009CEA56 /* Debug */,
				566D9A301DB0AE0F009CEA56 /* Release */,
			);
			defaultConfigurationIsVisible = 0;
			defaultConfigurationName = Release;
		};
		566D9A311DB0AE0F009CEA56 /* Build configuration list for PBXNativeTarget "WWDCCompanion" */ = {
			isa = XCConfigurationList;
			buildConfigurations = (
				566D9A321DB0AE0F009CEA56 /* Debug */,
				566D9A331DB0AE0F009CEA56 /* Release */,
			);
			defaultConfigurationIsVisible = 0;
			defaultConfigurationName = Release;
		};
		566D9A341DB0AE0F009CEA56 /* Build configuration list for PBXNativeTarget "WWDCCompanionTests" */ = {
			isa = XCConfigurationList;
			buildConfigurations = (
				566D9A351DB0AE0F009CEA56 /* Debug */,
				566D9A361DB0AE0F009CEA56 /* Release */,
			);
			defaultConfigurationIsVisible = 0;
			defaultConfigurationName = Release;
		};
		566D9A371DB0AE0F009CEA56 /* Build configuration list for PBXNativeTarget "WWDCCompanionUITests" */ = {
			isa = XCConfigurationList;
			buildConfigurations = (
				566D9A381DB0AE0F009CEA56 /* Debug */,
				566D9A391DB0AE0F009CEA56 /* Release */,
			);
			defaultConfigurationIsVisible = 0;
			defaultConfigurationName = Release;
		};
/* End XCConfigurationList section */
	};
	rootObject = 566D9A011DB0AE0F009CEA56 /* Project object */;
}
